
Microsoft Visual Studio Solution File, Format Version 12.00
# Visual Studio Version 17
VisualStudioVersion = 17.4.33213.308
MinimumVisualStudioVersion = 10.0.40219.1
Project("{FAE04EC0-301F-11D3-BF4B-00C04F79EFBC}") = "Read_Oscilloscope", "Read_Oscilloscope\Read_Oscilloscope.csproj", "{F1A98E2B-D7FC-4EC1-96F0-C5C8D33E5155}"
EndProject
Global
	GlobalSection(SolutionConfigurationPlatforms) = preSolution
		Debug|Any CPU = Debug|Any CPU
		Release|Any CPU = Release|Any CPU
	EndGlobalSection
	GlobalSection(ProjectConfigurationPlatforms) = postSolution
		{F1A98E2B-D7FC-4EC1-96F0-C5C8D33E5155}.Debug|Any CPU.ActiveCfg = Debug|Any CPU
		{F1A98E2B-D7FC-4EC1-96F0-C5C8D33E5155}.Debug|Any CPU.Build.0 = Debug|Any CPU
		{F1A98E2B-D7FC-4EC1-96F0-C5C8D33E5155}.Release|Any CPU.ActiveCfg = Release|Any CPU
		{F1A98E2B-D7FC-4EC1-96F0-C5C8D33E5155}.Release|Any CPU.Build.0 = Release|Any CPU
	EndGlobalSection
	GlobalSection(SolutionProperties) = preSolution
		HideSolutionNode = FALSE
	EndGlobalSection
	GlobalSection(ExtensibilityGlobals) = postSolution
		SolutionGuid = {61800073-B84E-46CB-82B3-5E70311E7C22}
	EndGlobalSection
EndGlobal
