
Microsoft Visual Studio Solution File, Format Version 12.00
# Visual Studio Version 17
VisualStudioVersion = 17.3.32929.385
MinimumVisualStudioVersion = 10.0.40219.1
Project("{8BC9CEB8-8B4A-11D0-8D11-00A0C91BC942}") = "digitizer", "Digitizer\digitizer.vcxproj", "{C472DCA4-92BF-49B6-A493-FFBFAC018CB2}"
EndProject
Project("{8BC9CEB8-8B4A-11D0-8D11-00A0C91BC942}") = "Ratemeter", "Ratemeter\Ratemeter.vcxproj", "{1E53F0F4-3572-4825-AF6C-F0D66C7C6078}"
EndProject
Project("{8BC9CEB8-8B4A-11D0-8D11-00A0C91BC942}") = "list", "List\list.vcxproj", "{2E2CB176-DFA3-4620-BAB7-C1D56EB6C627}"
EndProject
Project("{8BC9CEB8-8B4A-11D0-8D11-00A0C91BC942}") = "custompacket", "CustomPacket\custompacket.vcxproj", "{0D7F9A4B-54FD-4763-87ED-7B1788BF13CF}"
EndProject
Project("{8BC9CEB8-8B4A-11D0-8D11-00A0C91BC942}") = "custompacketdma", "CustomPacketDMA\custompacketdma.vcxproj", "{24424D7A-D229-4D21-BB24-DC75A1947A79}"
EndProject
Project("{8BC9CEB8-8B4A-11D0-8D11-00A0C91BC942}") = "oscilloscope", "Oscilloscope\oscilloscope.vcxproj", "{65C0AD75-5CA7-4776-A963-3B340E5F32A9}"
EndProject
Global
	GlobalSection(SolutionConfigurationPlatforms) = preSolution
		Debug|x64 = Debug|x64
		Debug|x86 = Debug|x86
		Release|x64 = Release|x64
		Release|x86 = Release|x86
	EndGlobalSection
	GlobalSection(ProjectConfigurationPlatforms) = postSolution
		{C472DCA4-92BF-49B6-A493-FFBFAC018CB2}.Debug|x64.ActiveCfg = Debug|x64
		{C472DCA4-92BF-49B6-A493-FFBFAC018CB2}.Debug|x64.Build.0 = Debug|x64
		{C472DCA4-92BF-49B6-A493-FFBFAC018CB2}.Debug|x86.ActiveCfg = Debug|Win32
		{C472DCA4-92BF-49B6-A493-FFBFAC018CB2}.Debug|x86.Build.0 = Debug|Win32
		{C472DCA4-92BF-49B6-A493-FFBFAC018CB2}.Release|x64.ActiveCfg = Release|x64
		{C472DCA4-92BF-49B6-A493-FFBFAC018CB2}.Release|x64.Build.0 = Release|x64
		{C472DCA4-92BF-49B6-A493-FFBFAC018CB2}.Release|x86.ActiveCfg = Release|Win32
		{C472DCA4-92BF-49B6-A493-FFBFAC018CB2}.Release|x86.Build.0 = Release|Win32
		{1E53F0F4-3572-4825-AF6C-F0D66C7C6078}.Debug|x64.ActiveCfg = Debug|x64
		{1E53F0F4-3572-4825-AF6C-F0D66C7C6078}.Debug|x64.Build.0 = Debug|x64
		{1E53F0F4-3572-4825-AF6C-F0D66C7C6078}.Debug|x86.ActiveCfg = Debug|Win32
		{1E53F0F4-3572-4825-AF6C-F0D66C7C6078}.Debug|x86.Build.0 = Debug|Win32
		{1E53F0F4-3572-4825-AF6C-F0D66C7C6078}.Release|x64.ActiveCfg = Release|x64
		{1E53F0F4-3572-4825-AF6C-F0D66C7C6078}.Release|x64.Build.0 = Release|x64
		{1E53F0F4-3572-4825-AF6C-F0D66C7C6078}.Release|x86.ActiveCfg = Release|Win32
		{1E53F0F4-3572-4825-AF6C-F0D66C7C6078}.Release|x86.Build.0 = Release|Win32
		{2E2CB176-DFA3-4620-BAB7-C1D56EB6C627}.Debug|x64.ActiveCfg = Debug|x64
		{2E2CB176-DFA3-4620-BAB7-C1D56EB6C627}.Debug|x64.Build.0 = Debug|x64
		{2E2CB176-DFA3-4620-BAB7-C1D56EB6C627}.Debug|x86.ActiveCfg = Debug|Win32
		{2E2CB176-DFA3-4620-BAB7-C1D56EB6C627}.Debug|x86.Build.0 = Debug|Win32
		{2E2CB176-DFA3-4620-BAB7-C1D56EB6C627}.Release|x64.ActiveCfg = Release|x64
		{2E2CB176-DFA3-4620-BAB7-C1D56EB6C627}.Release|x64.Build.0 = Release|x64
		{2E2CB176-DFA3-4620-BAB7-C1D56EB6C627}.Release|x86.ActiveCfg = Release|Win32
		{2E2CB176-DFA3-4620-BAB7-C1D56EB6C627}.Release|x86.Build.0 = Release|Win32
		{0D7F9A4B-54FD-4763-87ED-7B1788BF13CF}.Debug|x64.ActiveCfg = Debug|x64
		{0D7F9A4B-54FD-4763-87ED-7B1788BF13CF}.Debug|x64.Build.0 = Debug|x64
		{0D7F9A4B-54FD-4763-87ED-7B1788BF13CF}.Debug|x86.ActiveCfg = Debug|Win32
		{0D7F9A4B-54FD-4763-87ED-7B1788BF13CF}.Debug|x86.Build.0 = Debug|Win32
		{0D7F9A4B-54FD-4763-87ED-7B1788BF13CF}.Release|x64.ActiveCfg = Release|x64
		{0D7F9A4B-54FD-4763-87ED-7B1788BF13CF}.Release|x64.Build.0 = Release|x64
		{0D7F9A4B-54FD-4763-87ED-7B1788BF13CF}.Release|x86.ActiveCfg = Release|Win32
		{0D7F9A4B-54FD-4763-87ED-7B1788BF13CF}.Release|x86.Build.0 = Release|Win32
		{24424D7A-D229-4D21-BB24-DC75A1947A79}.Debug|x64.ActiveCfg = Debug|x64
		{24424D7A-D229-4D21-BB24-DC75A1947A79}.Debug|x64.Build.0 = Debug|x64
		{24424D7A-D229-4D21-BB24-DC75A1947A79}.Debug|x86.ActiveCfg = Debug|Win32
		{24424D7A-D229-4D21-BB24-DC75A1947A79}.Debug|x86.Build.0 = Debug|Win32
		{24424D7A-D229-4D21-BB24-DC75A1947A79}.Release|x64.ActiveCfg = Release|x64
		{24424D7A-D229-4D21-BB24-DC75A1947A79}.Release|x64.Build.0 = Release|x64
		{24424D7A-D229-4D21-BB24-DC75A1947A79}.Release|x86.ActiveCfg = Release|Win32
		{24424D7A-D229-4D21-BB24-DC75A1947A79}.Release|x86.Build.0 = Release|Win32
		{65C0AD75-5CA7-4776-A963-3B340E5F32A9}.Debug|x64.ActiveCfg = Debug|x64
		{65C0AD75-5CA7-4776-A963-3B340E5F32A9}.Debug|x64.Build.0 = Debug|x64
		{65C0AD75-5CA7-4776-A963-3B340E5F32A9}.Debug|x86.ActiveCfg = Debug|Win32
		{65C0AD75-5CA7-4776-A963-3B340E5F32A9}.Debug|x86.Build.0 = Debug|Win32
		{65C0AD75-5CA7-4776-A963-3B340E5F32A9}.Release|x64.ActiveCfg = Release|x64
		{65C0AD75-5CA7-4776-A963-3B340E5F32A9}.Release|x64.Build.0 = Release|x64
		{65C0AD75-5CA7-4776-A963-3B340E5F32A9}.Release|x86.ActiveCfg = Release|Win32
		{65C0AD75-5CA7-4776-A963-3B340E5F32A9}.Release|x86.Build.0 = Release|Win32
	EndGlobalSection
	GlobalSection(SolutionProperties) = preSolution
		HideSolutionNode = FALSE
	EndGlobalSection
	GlobalSection(ExtensibilityGlobals) = postSolution
		SolutionGuid = {EDB6BC4E-37CB-433D-8808-D36E428C0BC2}
	EndGlobalSection
EndGlobal
