
Microsoft Visual Studio Solution File, Format Version 12.00
# Visual Studio Version 17
VisualStudioVersion = 17.4.33213.308
MinimumVisualStudioVersion = 10.0.40219.1
Project("{FAE04EC0-301F-11D3-BF4B-00C04F79EFBC}") = "PlotCounterList", "PlotCounterList\PlotCounterList.csproj", "{02936959-0A2C-498F-B628-BBAD6D88C62C}"
EndProject
Global
	GlobalSection(SolutionConfigurationPlatforms) = preSolution
		Debug|Any CPU = Debug|Any CPU
		Release|Any CPU = Release|Any CPU
	EndGlobalSection
	GlobalSection(ProjectConfigurationPlatforms) = postSolution
		{02936959-0A2C-498F-B628-BBAD6D88C62C}.Debug|Any CPU.ActiveCfg = Debug|Any CPU
		{02936959-0A2C-498F-B628-BBAD6D88C62C}.Debug|Any CPU.Build.0 = Debug|Any CPU
		{02936959-0A2C-498F-B628-BBAD6D88C62C}.Release|Any CPU.ActiveCfg = Release|Any CPU
		{02936959-0A2C-498F-B628-BBAD6D88C62C}.Release|Any CPU.Build.0 = Release|Any CPU
	EndGlobalSection
	GlobalSection(SolutionProperties) = preSolution
		HideSolutionNode = FALSE
	EndGlobalSection
	GlobalSection(ExtensibilityGlobals) = postSolution
		SolutionGuid = {C9E7C0BD-EB6E-43FF-82EC-D7FDF239492D}
	EndGlobalSection
EndGlobal
