
Microsoft Visual Studio Solution File, Format Version 12.00
# Visual Studio Version 17
VisualStudioVersion = 17.4.33213.308
MinimumVisualStudioVersion = 10.0.40219.1
Project("{FAE04EC0-301F-11D3-BF4B-00C04F79EFBC}") = "RegisterReadPlot", "RegisterReadPlot\RegisterReadPlot.csproj", "{B1016B60-D122-43C0-B50A-75C57D944BE7}"
EndProject
Global
	GlobalSection(SolutionConfigurationPlatforms) = preSolution
		Debug|Any CPU = Debug|Any CPU
		Release|Any CPU = Release|Any CPU
	EndGlobalSection
	GlobalSection(ProjectConfigurationPlatforms) = postSolution
		{B1016B60-D122-43C0-B50A-75C57D944BE7}.Debug|Any CPU.ActiveCfg = Debug|Any CPU
		{B1016B60-D122-43C0-B50A-75C57D944BE7}.Debug|Any CPU.Build.0 = Debug|Any CPU
		{B1016B60-D122-43C0-B50A-75C57D944BE7}.Release|Any CPU.ActiveCfg = Release|Any CPU
		{B1016B60-D122-43C0-B50A-75C57D944BE7}.Release|Any CPU.Build.0 = Release|Any CPU
	EndGlobalSection
	GlobalSection(SolutionProperties) = preSolution
		HideSolutionNode = FALSE
	EndGlobalSection
	GlobalSection(ExtensibilityGlobals) = postSolution
		SolutionGuid = {1F219CDD-0348-4E1A-8479-7097360B9009}
	EndGlobalSection
EndGlobal
